
Microsoft Visual Studio Solution File, Format Version 12.00
# Visual Studio Version 17
VisualStudioVersion = 17.10.34916.146
MinimumVisualStudioVersion = 10.0.40219.1
Project("{9A19103F-16F7-4668-BE54-9A1E7A4F7556}") = "CrossApplication.API", "CrossApplication.API.csproj", "{93E2B982-BD4B-43CB-BD6F-7F9BE32944DB}"
EndProject
Project("{FAE04EC0-301F-11D3-BF4B-00C04F79EFBC}") = "TCPClient", "..\TCPClient\TCPClient.csproj", "{8FC245DA-D550-4972-8F06-92ADD969A27A}"
EndProject
Global
	GlobalSection(SolutionConfigurationPlatforms) = preSolution
		Debug|Any CPU = Debug|Any CPU
		Release|Any CPU = Release|Any CPU
	EndGlobalSection
	GlobalSection(ProjectConfigurationPlatforms) = postSolution
		{93E2B982-BD4B-43CB-BD6F-7F9BE32944DB}.Debug|Any CPU.ActiveCfg = Debug|Any CPU
		{93E2B982-BD4B-43CB-BD6F-7F9BE32944DB}.Debug|Any CPU.Build.0 = Debug|Any CPU
		{93E2B982-BD4B-43CB-BD6F-7F9BE32944DB}.Release|Any CPU.ActiveCfg = Release|Any CPU
		{93E2B982-BD4B-43CB-BD6F-7F9BE32944DB}.Release|Any CPU.Build.0 = Release|Any CPU
		{8FC245DA-D550-4972-8F06-92ADD969A27A}.Debug|Any CPU.ActiveCfg = Debug|Any CPU
		{8FC245DA-D550-4972-8F06-92ADD969A27A}.Debug|Any CPU.Build.0 = Debug|Any CPU
		{8FC245DA-D550-4972-8F06-92ADD969A27A}.Release|Any CPU.ActiveCfg = Release|Any CPU
		{8FC245DA-D550-4972-8F06-92ADD969A27A}.Release|Any CPU.Build.0 = Release|Any CPU
	EndGlobalSection
	GlobalSection(SolutionProperties) = preSolution
		HideSolutionNode = FALSE
	EndGlobalSection
	GlobalSection(ExtensibilityGlobals) = postSolution
		SolutionGuid = {1F6D8500-1BA1-4D62-BB62-A8E48F6B80F6}
	EndGlobalSection
EndGlobal
